// !$*UTF8*$!
{
	archiveVersion = 1;
	classes = {
	};
	objectVersion = 46;
	objects = {

/* Begin PBXBuildFile section */
		12DA1B011DEA23CF007DB683 /* BaseNavigationController.swift in Sources */ = {isa = PBXBuildFile; fileRef = 12DA1B001DEA23CF007DB683 /* BaseNavigationController.swift */; };
		21E080683779BE5AF19C284B /* Pods_Visit_Armenia.framework in Frameworks */ = {isa = PBXBuildFile; fileRef = 34934D254B10F747611DCE69 /* Pods_Visit_Armenia.framework */; settings = {ATTRIBUTES = (Required, ); }; };
		49A9C7EB1DE88DC20066CBBE /* ViewDetailVC.swift in Sources */ = {isa = PBXBuildFile; fileRef = 49A9C7EA1DE88DC20066CBBE /* ViewDetailVC.swift */; };
		49A9C7ED1DE8D0040066CBBE /* ViewDetailsCell.swift in Sources */ = {isa = PBXBuildFile; fileRef = 49A9C7EC1DE8D0040066CBBE /* ViewDetailsCell.swift */; };
		49A9C7EF1DE983D00066CBBE /* Garni_Temple.jpg in Resources */ = {isa = PBXBuildFile; fileRef = 49A9C7EE1DE983D00066CBBE /* Garni_Temple.jpg */; };
		570D71BB1E097A2E00E310F2 /* Museum-100.png in Resources */ = {isa = PBXBuildFile; fileRef = 570D71BA1E097A2E00E310F2 /* Museum-100.png */; };
		570D71BD1E097C4300E310F2 /* MonumentCell.swift in Sources */ = {isa = PBXBuildFile; fileRef = 570D71BC1E097C4300E310F2 /* MonumentCell.swift */; };
		570D71C11E09CBC600E310F2 /* mother.jpg in Resources */ = {isa = PBXBuildFile; fileRef = 570D71C01E09CBC600E310F2 /* mother.jpg */; };
		570D71C31E09CBDE00E310F2 /* geghard.jpg in Resources */ = {isa = PBXBuildFile; fileRef = 570D71C21E09CBDE00E310F2 /* geghard.jpg */; };
		570D71C51E09CD3A00E310F2 /* echmiadzin.jpg in Resources */ = {isa = PBXBuildFile; fileRef = 570D71C41E09CD3A00E310F2 /* echmiadzin.jpg */; };
		570D71C91E09D27D00E310F2 /* sargis.jpg in Resources */ = {isa = PBXBuildFile; fileRef = 570D71C81E09D27D00E310F2 /* sargis.jpg */; };
		570D71CB1E09D65D00E310F2 /* gradient.png in Resources */ = {isa = PBXBuildFile; fileRef = 570D71CA1E09D65D00E310F2 /* gradient.png */; };
		572F69A01E09714D00CD819B /* MonumentsVC.swift in Sources */ = {isa = PBXBuildFile; fileRef = 572F699F1E09714D00CD819B /* MonumentsVC.swift */; };
		573C61F21DD739040038ECE4 /* AppDelegate.swift in Sources */ = {isa = PBXBuildFile; fileRef = 573C61F11DD739040038ECE4 /* AppDelegate.swift */; };
		573C61F41DD739040038ECE4 /* ViewController.swift in Sources */ = {isa = PBXBuildFile; fileRef = 573C61F31DD739040038ECE4 /* ViewController.swift */; };
		573C61F71DD739050038ECE4 /* Main.storyboard in Resources */ = {isa = PBXBuildFile; fileRef = 573C61F51DD739050038ECE4 /* Main.storyboard */; };
		573C61F91DD739050038ECE4 /* Assets.xcassets in Resources */ = {isa = PBXBuildFile; fileRef = 573C61F81DD739050038ECE4 /* Assets.xcassets */; };
		573C61FC1DD739050038ECE4 /* LaunchScreen.storyboard in Resources */ = {isa = PBXBuildFile; fileRef = 573C61FA1DD739050038ECE4 /* LaunchScreen.storyboard */; };
		573C62061DD7396C0038ECE4 /* SWRevealViewController.m in Sources */ = {isa = PBXBuildFile; fileRef = 573C62051DD7396C0038ECE4 /* SWRevealViewController.m */; };
		573C62081DD73A7C0038ECE4 /* HomeVC.swift in Sources */ = {isa = PBXBuildFile; fileRef = 573C62071DD73A7C0038ECE4 /* HomeVC.swift */; };
		573C620A1DD73BF30038ECE4 /* SlideTableViewController.swift in Sources */ = {isa = PBXBuildFile; fileRef = 573C62091DD73BF30038ECE4 /* SlideTableViewController.swift */; };
		573C620C1DD895CA0038ECE4 /* ShoppingVC.swift in Sources */ = {isa = PBXBuildFile; fileRef = 573C620B1DD895CA0038ECE4 /* ShoppingVC.swift */; };
		573C620E1DD895EB0038ECE4 /* NearbyPlacesVC.swift in Sources */ = {isa = PBXBuildFile; fileRef = 573C620D1DD895EB0038ECE4 /* NearbyPlacesVC.swift */; };
		573C62131DD89DDB0038ECE4 /* First Loading Splashscreen.png in Resources */ = {isa = PBXBuildFile; fileRef = 573C62121DD89DDB0038ECE4 /* First Loading Splashscreen.png */; };
		573C62271DD89E540038ECE4 /* Contents.json in Resources */ = {isa = PBXBuildFile; fileRef = 573C62151DD89E540038ECE4 /* Contents.json */; };
		573C62281DD89E540038ECE4 /* Icon-App-20x20@1x.png in Resources */ = {isa = PBXBuildFile; fileRef = 573C62161DD89E540038ECE4 /* Icon-App-20x20@1x.png */; };
		573C62291DD89E540038ECE4 /* Icon-App-20x20@2x.png in Resources */ = {isa = PBXBuildFile; fileRef = 573C62171DD89E540038ECE4 /* Icon-App-20x20@2x.png */; };
		573C622A1DD89E540038ECE4 /* Icon-App-20x20@3x.png in Resources */ = {isa = PBXBuildFile; fileRef = 573C62181DD89E540038ECE4 /* Icon-App-20x20@3x.png */; };
		573C622B1DD89E540038ECE4 /* Icon-App-29x29@1x.png in Resources */ = {isa = PBXBuildFile; fileRef = 573C62191DD89E540038ECE4 /* Icon-App-29x29@1x.png */; };
		573C622C1DD89E540038ECE4 /* Icon-App-29x29@2x.png in Resources */ = {isa = PBXBuildFile; fileRef = 573C621A1DD89E540038ECE4 /* Icon-App-29x29@2x.png */; };
		573C622D1DD89E540038ECE4 /* Icon-App-29x29@3x.png in Resources */ = {isa = PBXBuildFile; fileRef = 573C621B1DD89E540038ECE4 /* Icon-App-29x29@3x.png */; };
		573C622E1DD89E540038ECE4 /* Icon-App-40x40@1x.png in Resources */ = {isa = PBXBuildFile; fileRef = 573C621C1DD89E540038ECE4 /* Icon-App-40x40@1x.png */; };
		573C622F1DD89E540038ECE4 /* Icon-App-40x40@2x.png in Resources */ = {isa = PBXBuildFile; fileRef = 573C621D1DD89E540038ECE4 /* Icon-App-40x40@2x.png */; };
		573C62301DD89E540038ECE4 /* Icon-App-40x40@3x.png in Resources */ = {isa = PBXBuildFile; fileRef = 573C621E1DD89E540038ECE4 /* Icon-App-40x40@3x.png */; };
		573C62311DD89E540038ECE4 /* Icon-App-57x57@1x.png in Resources */ = {isa = PBXBuildFile; fileRef = 573C621F1DD89E540038ECE4 /* Icon-App-57x57@1x.png */; };
		573C62321DD89E540038ECE4 /* Icon-App-60x60@1x.png in Resources */ = {isa = PBXBuildFile; fileRef = 573C62201DD89E540038ECE4 /* Icon-App-60x60@1x.png */; };
		573C62331DD89E540038ECE4 /* Icon-App-60x60@2x.png in Resources */ = {isa = PBXBuildFile; fileRef = 573C62211DD89E540038ECE4 /* Icon-App-60x60@2x.png */; };
		573C62341DD89E540038ECE4 /* Icon-App-60x60@3x.png in Resources */ = {isa = PBXBuildFile; fileRef = 573C62221DD89E540038ECE4 /* Icon-App-60x60@3x.png */; };
		573C62351DD89E540038ECE4 /* Icon-App-76x76@1x.png in Resources */ = {isa = PBXBuildFile; fileRef = 573C62231DD89E540038ECE4 /* Icon-App-76x76@1x.png */; };
		573C62361DD89E540038ECE4 /* Icon-App-76x76@2x.png in Resources */ = {isa = PBXBuildFile; fileRef = 573C62241DD89E540038ECE4 /* Icon-App-76x76@2x.png */; };
		573C62371DD89E540038ECE4 /* Icon-App-76x76@3x.png in Resources */ = {isa = PBXBuildFile; fileRef = 573C62251DD89E540038ECE4 /* Icon-App-76x76@3x.png */; };
		573C62381DD89E540038ECE4 /* Icon-App-83.5x83.5@2x.png in Resources */ = {isa = PBXBuildFile; fileRef = 573C62261DD89E540038ECE4 /* Icon-App-83.5x83.5@2x.png */; };
		573C623A1DD8A0F30038ECE4 /* MainPageBackgroun_opera.png in Resources */ = {isa = PBXBuildFile; fileRef = 573C62391DD8A0F30038ECE4 /* MainPageBackgroun_opera.png */; };
		573C623C1DD8A3620038ECE4 /* SlideTableViewCell.swift in Sources */ = {isa = PBXBuildFile; fileRef = 573C623B1DD8A3620038ECE4 /* SlideTableViewCell.swift */; };
		573C623E1DD8A94D0038ECE4 /* EventsVC.swift in Sources */ = {isa = PBXBuildFile; fileRef = 573C623D1DD8A94D0038ECE4 /* EventsVC.swift */; };
		573C62401DD8A9820038ECE4 /* PopularItinerariesVC.swift in Sources */ = {isa = PBXBuildFile; fileRef = 573C623F1DD8A9820038ECE4 /* PopularItinerariesVC.swift */; };
		573C62421DD8A9A70038ECE4 /* TaxiVC.swift in Sources */ = {isa = PBXBuildFile; fileRef = 573C62411DD8A9A70038ECE4 /* TaxiVC.swift */; };
		573C62441DD8A9CA0038ECE4 /* SettingsVC.swift in Sources */ = {isa = PBXBuildFile; fileRef = 573C62431DD8A9CA0038ECE4 /* SettingsVC.swift */; };
		573C62481DD8AA050038ECE4 /* AboutVC.swift in Sources */ = {isa = PBXBuildFile; fileRef = 573C62471DD8AA050038ECE4 /* AboutVC.swift */; };
		573C62551DD8AD870038ECE4 /* About_100px.png in Resources */ = {isa = PBXBuildFile; fileRef = 573C624A1DD8AD870038ECE4 /* About_100px.png */; };
		573C62561DD8AD870038ECE4 /* ChristmasStar_100px.png in Resources */ = {isa = PBXBuildFile; fileRef = 573C624B1DD8AD870038ECE4 /* ChristmasStar_100px.png */; };
		573C62571DD8AD870038ECE4 /* DiningRoom_100px.png in Resources */ = {isa = PBXBuildFile; fileRef = 573C624C1DD8AD870038ECE4 /* DiningRoom_100px.png */; };
		573C62581DD8AD870038ECE4 /* Home_100px_1.png in Resources */ = {isa = PBXBuildFile; fileRef = 573C624D1DD8AD870038ECE4 /* Home_100px_1.png */; };
		573C625A1DD8AD870038ECE4 /* Marker_100px.png in Resources */ = {isa = PBXBuildFile; fileRef = 573C624F1DD8AD870038ECE4 /* Marker_100px.png */; };
		573C625B1DD8AD870038ECE4 /* Menu_100px_1.png in Resources */ = {isa = PBXBuildFile; fileRef = 573C62501DD8AD870038ECE4 /* Menu_100px_1.png */; };
		573C625C1DD8AD870038ECE4 /* ShoppingBag_100px.png in Resources */ = {isa = PBXBuildFile; fileRef = 573C62511DD8AD870038ECE4 /* ShoppingBag_100px.png */; };
		573C625D1DD8AD870038ECE4 /* Suitcase_100px.png in Resources */ = {isa = PBXBuildFile; fileRef = 573C62521DD8AD870038ECE4 /* Suitcase_100px.png */; };
		573C625E1DD8AD870038ECE4 /* Support_100px.png in Resources */ = {isa = PBXBuildFile; fileRef = 573C62531DD8AD870038ECE4 /* Support_100px.png */; };
		573C625F1DD8AD870038ECE4 /* Taxi_100px.png in Resources */ = {isa = PBXBuildFile; fileRef = 573C62541DD8AD870038ECE4 /* Taxi_100px.png */; };
		57A85C111DDCB29400E33879 /* Idea_100px.png in Resources */ = {isa = PBXBuildFile; fileRef = 57A85C101DDCB29400E33879 /* Idea_100px.png */; };
		57D745D41DEC8D2F002B9B75 /* Networking.swift in Sources */ = {isa = PBXBuildFile; fileRef = 57D745D31DEC8D2F002B9B75 /* Networking.swift */; };
		57E41CE91DD9F356003F6485 /* Garni.jpg in Resources */ = {isa = PBXBuildFile; fileRef = 57E41CE61DD9F356003F6485 /* Garni.jpg */; };
		57E41CEA1DD9F356003F6485 /* Yerevan.jpg in Resources */ = {isa = PBXBuildFile; fileRef = 57E41CE71DD9F356003F6485 /* Yerevan.jpg */; };
		57E41CEB1DD9F356003F6485 /* tatev_monastery.jpg in Resources */ = {isa = PBXBuildFile; fileRef = 57E41CE81DD9F356003F6485 /* tatev_monastery.jpg */; };
		57E41CEE1DDB10C3003F6485 /* MyTripCollectionVC.swift in Sources */ = {isa = PBXBuildFile; fileRef = 57E41CED1DDB10C3003F6485 /* MyTripCollectionVC.swift */; };
		57E41CF01DDB1220003F6485 /* MyTripCVcell.swift in Sources */ = {isa = PBXBuildFile; fileRef = 57E41CEF1DDB1220003F6485 /* MyTripCVcell.swift */; };
		57E9ADB21DEC8F7D00D211FC /* VenueModel.swift in Sources */ = {isa = PBXBuildFile; fileRef = 57E9ADB11DEC8F7D00D211FC /* VenueModel.swift */; };
		57E9ADB41DEC938000D211FC /* VenuesSearchModel.swift in Sources */ = {isa = PBXBuildFile; fileRef = 57E9ADB31DEC938000D211FC /* VenuesSearchModel.swift */; };
		57E9ADB61DECA6D900D211FC /* RestaurantsAndCafesTVC.swift in Sources */ = {isa = PBXBuildFile; fileRef = 57E9ADB51DECA6D900D211FC /* RestaurantsAndCafesTVC.swift */; };
		57E9ADB81DECA70A00D211FC /* RestaurantsAndCafesTVCell.swift in Sources */ = {isa = PBXBuildFile; fileRef = 57E9ADB71DECA70A00D211FC /* RestaurantsAndCafesTVCell.swift */; };
		57E9ADBA1DECAEE100D211FC /* PhotoModel.swift in Sources */ = {isa = PBXBuildFile; fileRef = 57E9ADB91DECAEE100D211FC /* PhotoModel.swift */; };
		57E9ADBC1DECC3B700D211FC /* Location.swift in Sources */ = {isa = PBXBuildFile; fileRef = 57E9ADBB1DECC3B700D211FC /* Location.swift */; };
		57E9ADBE1DEDBF5100D211FC /* RestAndCafeVC.swift in Sources */ = {isa = PBXBuildFile; fileRef = 57E9ADBD1DEDBF5100D211FC /* RestAndCafeVC.swift */; };
		57E9ADC01DEDC06300D211FC /* RestAndCafeTVC.swift in Sources */ = {isa = PBXBuildFile; fileRef = 57E9ADBF1DEDC06300D211FC /* RestAndCafeTVC.swift */; };
		57E9ADC21DEF1A4600D211FC /* MapViewController.swift in Sources */ = {isa = PBXBuildFile; fileRef = 57E9ADC11DEF1A4600D211FC /* MapViewController.swift */; };
/* End PBXBuildFile section */

/* Begin PBXFileReference section */
		12DA1B001DEA23CF007DB683 /* BaseNavigationController.swift */ = {isa = PBXFileReference; fileEncoding = 4; lastKnownFileType = sourcecode.swift; path = BaseNavigationController.swift; sourceTree = "<group>"; };
		2221B379B8981EBD9C79BCE9 /* Pods-Visit Armenia.debug.xcconfig */ = {isa = PBXFileReference; includeInIndex = 1; lastKnownFileType = text.xcconfig; name = "Pods-Visit Armenia.debug.xcconfig"; path = "Pods/Target Support Files/Pods-Visit Armenia/Pods-Visit Armenia.debug.xcconfig"; sourceTree = "<group>"; };
		34934D254B10F747611DCE69 /* Pods_Visit_Armenia.framework */ = {isa = PBXFileReference; explicitFileType = wrapper.framework; includeInIndex = 0; path = Pods_Visit_Armenia.framework; sourceTree = BUILT_PRODUCTS_DIR; };
		49A9C7EA1DE88DC20066CBBE /* ViewDetailVC.swift */ = {isa = PBXFileReference; fileEncoding = 4; lastKnownFileType = sourcecode.swift; path = ViewDetailVC.swift; sourceTree = "<group>"; };
		49A9C7EC1DE8D0040066CBBE /* ViewDetailsCell.swift */ = {isa = PBXFileReference; fileEncoding = 4; lastKnownFileType = sourcecode.swift; path = ViewDetailsCell.swift; sourceTree = "<group>"; };
		49A9C7EE1DE983D00066CBBE /* Garni_Temple.jpg */ = {isa = PBXFileReference; lastKnownFileType = image.jpeg; name = Garni_Temple.jpg; path = "Design elements/TimeLine non active/Source/Garni_Temple.jpg"; sourceTree = SOURCE_ROOT; };
		570D71BA1E097A2E00E310F2 /* Museum-100.png */ = {isa = PBXFileReference; lastKnownFileType = image.png; name = "Museum-100.png"; path = "Design elements/Icons 2/Museum-100.png"; sourceTree = SOURCE_ROOT; };
		570D71BC1E097C4300E310F2 /* MonumentCell.swift */ = {isa = PBXFileReference; fileEncoding = 4; lastKnownFileType = sourcecode.swift; path = MonumentCell.swift; sourceTree = "<group>"; };
		570D71C01E09CBC600E310F2 /* mother.jpg */ = {isa = PBXFileReference; lastKnownFileType = image.jpeg; name = mother.jpg; path = "Design elements/mother.jpg"; sourceTree = SOURCE_ROOT; };
		570D71C21E09CBDE00E310F2 /* geghard.jpg */ = {isa = PBXFileReference; lastKnownFileType = image.jpeg; name = geghard.jpg; path = "Design elements/geghard.jpg"; sourceTree = SOURCE_ROOT; };
		570D71C41E09CD3A00E310F2 /* echmiadzin.jpg */ = {isa = PBXFileReference; lastKnownFileType = image.jpeg; name = echmiadzin.jpg; path = "Design elements/echmiadzin.jpg"; sourceTree = SOURCE_ROOT; };
		570D71C81E09D27D00E310F2 /* sargis.jpg */ = {isa = PBXFileReference; lastKnownFileType = image.jpeg; name = sargis.jpg; path = "Design elements/sargis.jpg"; sourceTree = SOURCE_ROOT; };
		570D71CA1E09D65D00E310F2 /* gradient.png */ = {isa = PBXFileReference; lastKnownFileType = image.png; name = gradient.png; path = "Design elements/gradient.png"; sourceTree = SOURCE_ROOT; };
		572F699F1E09714D00CD819B /* MonumentsVC.swift */ = {isa = PBXFileReference; fileEncoding = 4; lastKnownFileType = sourcecode.swift; path = MonumentsVC.swift; sourceTree = "<group>"; };
		573C61EE1DD739040038ECE4 /* Visit Armenia.app */ = {isa = PBXFileReference; explicitFileType = wrapper.application; includeInIndex = 0; path = "Visit Armenia.app"; sourceTree = BUILT_PRODUCTS_DIR; };
		573C61F11DD739040038ECE4 /* AppDelegate.swift */ = {isa = PBXFileReference; lastKnownFileType = sourcecode.swift; path = AppDelegate.swift; sourceTree = "<group>"; };
		573C61F31DD739040038ECE4 /* ViewController.swift */ = {isa = PBXFileReference; lastKnownFileType = sourcecode.swift; path = ViewController.swift; sourceTree = "<group>"; };
		573C61F61DD739050038ECE4 /* Base */ = {isa = PBXFileReference; lastKnownFileType = file.storyboard; name = Base; path = Base.lproj/Main.storyboard; sourceTree = "<group>"; };
		573C61F81DD739050038ECE4 /* Assets.xcassets */ = {isa = PBXFileReference; lastKnownFileType = folder.assetcatalog; path = Assets.xcassets; sourceTree = "<group>"; };
		573C61FB1DD739050038ECE4 /* Base */ = {isa = PBXFileReference; lastKnownFileType = file.storyboard; name = Base; path = Base.lproj/LaunchScreen.storyboard; sourceTree = "<group>"; };
		573C61FD1DD739050038ECE4 /* Info.plist */ = {isa = PBXFileReference; lastKnownFileType = text.plist.xml; path = Info.plist; sourceTree = "<group>"; };
		573C62031DD7396C0038ECE4 /* Visit Armenia-Bridging-Header.h */ = {isa = PBXFileReference; lastKnownFileType = sourcecode.c.h; path = "Visit Armenia-Bridging-Header.h"; sourceTree = "<group>"; };
		573C62041DD7396C0038ECE4 /* SWRevealViewController.h */ = {isa = PBXFileReference; fileEncoding = 4; lastKnownFileType = sourcecode.c.h; path = SWRevealViewController.h; sourceTree = "<group>"; };
		573C62051DD7396C0038ECE4 /* SWRevealViewController.m */ = {isa = PBXFileReference; fileEncoding = 4; lastKnownFileType = sourcecode.c.objc; path = SWRevealViewController.m; sourceTree = "<group>"; };
		573C62071DD73A7C0038ECE4 /* HomeVC.swift */ = {isa = PBXFileReference; fileEncoding = 4; lastKnownFileType = sourcecode.swift; path = HomeVC.swift; sourceTree = "<group>"; };
		573C62091DD73BF30038ECE4 /* SlideTableViewController.swift */ = {isa = PBXFileReference; fileEncoding = 4; lastKnownFileType = sourcecode.swift; name = SlideTableViewController.swift; path = ../SlideTableViewController.swift; sourceTree = "<group>"; };
		573C620B1DD895CA0038ECE4 /* ShoppingVC.swift */ = {isa = PBXFileReference; fileEncoding = 4; lastKnownFileType = sourcecode.swift; path = ShoppingVC.swift; sourceTree = "<group>"; };
		573C620D1DD895EB0038ECE4 /* NearbyPlacesVC.swift */ = {isa = PBXFileReference; fileEncoding = 4; lastKnownFileType = sourcecode.swift; path = NearbyPlacesVC.swift; sourceTree = "<group>"; };
		573C62121DD89DDB0038ECE4 /* First Loading Splashscreen.png */ = {isa = PBXFileReference; lastKnownFileType = image.png; path = "First Loading Splashscreen.png"; sourceTree = "<group>"; };
		573C62151DD89E540038ECE4 /* Contents.json */ = {isa = PBXFileReference; fileEncoding = 4; lastKnownFileType = text.json; path = Contents.json; sourceTree = "<group>"; };
		573C62161DD89E540038ECE4 /* Icon-App-20x20@1x.png */ = {isa = PBXFileReference; lastKnownFileType = image.png; path = "Icon-App-20x20@1x.png"; sourceTree = "<group>"; };
		573C62171DD89E540038ECE4 /* Icon-App-20x20@2x.png */ = {isa = PBXFileReference; lastKnownFileType = image.png; path = "Icon-App-20x20@2x.png"; sourceTree = "<group>"; };
		573C62181DD89E540038ECE4 /* Icon-App-20x20@3x.png */ = {isa = PBXFileReference; lastKnownFileType = image.png; path = "Icon-App-20x20@3x.png"; sourceTree = "<group>"; };
		573C62191DD89E540038ECE4 /* Icon-App-29x29@1x.png */ = {isa = PBXFileReference; lastKnownFileType = image.png; path = "Icon-App-29x29@1x.png"; sourceTree = "<group>"; };
		573C621A1DD89E540038ECE4 /* Icon-App-29x29@2x.png */ = {isa = PBXFileReference; lastKnownFileType = image.png; path = "Icon-App-29x29@2x.png"; sourceTree = "<group>"; };
		573C621B1DD89E540038ECE4 /* Icon-App-29x29@3x.png */ = {isa = PBXFileReference; lastKnownFileType = image.png; path = "Icon-App-29x29@3x.png"; sourceTree = "<group>"; };
		573C621C1DD89E540038ECE4 /* Icon-App-40x40@1x.png */ = {isa = PBXFileReference; lastKnownFileType = image.png; path = "Icon-App-40x40@1x.png"; sourceTree = "<group>"; };
		573C621D1DD89E540038ECE4 /* Icon-App-40x40@2x.png */ = {isa = PBXFileReference; lastKnownFileType = image.png; path = "Icon-App-40x40@2x.png"; sourceTree = "<group>"; };
		573C621E1DD89E540038ECE4 /* Icon-App-40x40@3x.png */ = {isa = PBXFileReference; lastKnownFileType = image.png; path = "Icon-App-40x40@3x.png"; sourceTree = "<group>"; };
		573C621F1DD89E540038ECE4 /* Icon-App-57x57@1x.png */ = {isa = PBXFileReference; lastKnownFileType = image.png; path = "Icon-App-57x57@1x.png"; sourceTree = "<group>"; };
		573C62201DD89E540038ECE4 /* Icon-App-60x60@1x.png */ = {isa = PBXFileReference; lastKnownFileType = image.png; path = "Icon-App-60x60@1x.png"; sourceTree = "<group>"; };
		573C62211DD89E540038ECE4 /* Icon-App-60x60@2x.png */ = {isa = PBXFileReference; lastKnownFileType = image.png; path = "Icon-App-60x60@2x.png"; sourceTree = "<group>"; };
		573C62221DD89E540038ECE4 /* Icon-App-60x60@3x.png */ = {isa = PBXFileReference; lastKnownFileType = image.png; path = "Icon-App-60x60@3x.png"; sourceTree = "<group>"; };
		573C62231DD89E540038ECE4 /* Icon-App-76x76@1x.png */ = {isa = PBXFileReference; lastKnownFileType = image.png; path = "Icon-App-76x76@1x.png"; sourceTree = "<group>"; };
		573C62241DD89E540038ECE4 /* Icon-App-76x76@2x.png */ = {isa = PBXFileReference; lastKnownFileType = image.png; path = "Icon-App-76x76@2x.png"; sourceTree = "<group>"; };
		573C62251DD89E540038ECE4 /* Icon-App-76x76@3x.png */ = {isa = PBXFileReference; lastKnownFileType = image.png; path = "Icon-App-76x76@3x.png"; sourceTree = "<group>"; };
		573C62261DD89E540038ECE4 /* Icon-App-83.5x83.5@2x.png */ = {isa = PBXFileReference; lastKnownFileType = image.png; path = "Icon-App-83.5x83.5@2x.png"; sourceTree = "<group>"; };
		573C62391DD8A0F30038ECE4 /* MainPageBackgroun_opera.png */ = {isa = PBXFileReference; lastKnownFileType = image.png; path = MainPageBackgroun_opera.png; sourceTree = "<group>"; };
		573C623B1DD8A3620038ECE4 /* SlideTableViewCell.swift */ = {isa = PBXFileReference; fileEncoding = 4; lastKnownFileType = sourcecode.swift; path = SlideTableViewCell.swift; sourceTree = "<group>"; };
		573C623D1DD8A94D0038ECE4 /* EventsVC.swift */ = {isa = PBXFileReference; fileEncoding = 4; lastKnownFileType = sourcecode.swift; path = EventsVC.swift; sourceTree = "<group>"; };
		573C623F1DD8A9820038ECE4 /* PopularItinerariesVC.swift */ = {isa = PBXFileReference; fileEncoding = 4; lastKnownFileType = sourcecode.swift; path = PopularItinerariesVC.swift; sourceTree = "<group>"; };
		573C62411DD8A9A70038ECE4 /* TaxiVC.swift */ = {isa = PBXFileReference; fileEncoding = 4; lastKnownFileType = sourcecode.swift; path = TaxiVC.swift; sourceTree = "<group>"; };
		573C62431DD8A9CA0038ECE4 /* SettingsVC.swift */ = {isa = PBXFileReference; fileEncoding = 4; lastKnownFileType = sourcecode.swift; path = SettingsVC.swift; sourceTree = "<group>"; };
		573C62471DD8AA050038ECE4 /* AboutVC.swift */ = {isa = PBXFileReference; fileEncoding = 4; lastKnownFileType = sourcecode.swift; path = AboutVC.swift; sourceTree = "<group>"; };
		573C624A1DD8AD870038ECE4 /* About_100px.png */ = {isa = PBXFileReference; lastKnownFileType = image.png; path = About_100px.png; sourceTree = "<group>"; };
		573C624B1DD8AD870038ECE4 /* ChristmasStar_100px.png */ = {isa = PBXFileReference; lastKnownFileType = image.png; path = ChristmasStar_100px.png; sourceTree = "<group>"; };
		573C624C1DD8AD870038ECE4 /* DiningRoom_100px.png */ = {isa = PBXFileReference; lastKnownFileType = image.png; path = DiningRoom_100px.png; sourceTree = "<group>"; };
		573C624D1DD8AD870038ECE4 /* Home_100px_1.png */ = {isa = PBXFileReference; lastKnownFileType = image.png; path = Home_100px_1.png; sourceTree = "<group>"; };
		573C624F1DD8AD870038ECE4 /* Marker_100px.png */ = {isa = PBXFileReference; lastKnownFileType = image.png; path = Marker_100px.png; sourceTree = "<group>"; };
		573C62501DD8AD870038ECE4 /* Menu_100px_1.png */ = {isa = PBXFileReference; lastKnownFileType = image.png; path = Menu_100px_1.png; sourceTree = "<group>"; };
		573C62511DD8AD870038ECE4 /* ShoppingBag_100px.png */ = {isa = PBXFileReference; lastKnownFileType = image.png; path = ShoppingBag_100px.png; sourceTree = "<group>"; };
		573C62521DD8AD870038ECE4 /* Suitcase_100px.png */ = {isa = PBXFileReference; lastKnownFileType = image.png; path = Suitcase_100px.png; sourceTree = "<group>"; };
		573C62531DD8AD870038ECE4 /* Support_100px.png */ = {isa = PBXFileReference; lastKnownFileType = image.png; path = Support_100px.png; sourceTree = "<group>"; };
		573C62541DD8AD870038ECE4 /* Taxi_100px.png */ = {isa = PBXFileReference; lastKnownFileType = image.png; path = Taxi_100px.png; sourceTree = "<group>"; };
		577A8EF11DFB543500F35EC2 /* XCTest.framework */ = {isa = PBXFileReference; lastKnownFileType = wrapper.framework; name = XCTest.framework; path = Platforms/iPhoneOS.platform/Developer/Library/Frameworks/XCTest.framework; sourceTree = DEVELOPER_DIR; };
		57A85C101DDCB29400E33879 /* Idea_100px.png */ = {isa = PBXFileReference; lastKnownFileType = image.png; path = Idea_100px.png; sourceTree = "<group>"; };
		57D745D31DEC8D2F002B9B75 /* Networking.swift */ = {isa = PBXFileReference; fileEncoding = 4; lastKnownFileType = sourcecode.swift; path = Networking.swift; sourceTree = "<group>"; };
		57E41CE61DD9F356003F6485 /* Garni.jpg */ = {isa = PBXFileReference; lastKnownFileType = image.jpeg; name = Garni.jpg; path = AppIcon.appiconset/Garni.jpg; sourceTree = "<group>"; };
		57E41CE71DD9F356003F6485 /* Yerevan.jpg */ = {isa = PBXFileReference; lastKnownFileType = image.jpeg; name = Yerevan.jpg; path = AppIcon.appiconset/Yerevan.jpg; sourceTree = "<group>"; };
		57E41CE81DD9F356003F6485 /* tatev_monastery.jpg */ = {isa = PBXFileReference; lastKnownFileType = image.jpeg; name = tatev_monastery.jpg; path = AppIcon.appiconset/tatev_monastery.jpg; sourceTree = "<group>"; };
		57E41CED1DDB10C3003F6485 /* MyTripCollectionVC.swift */ = {isa = PBXFileReference; fileEncoding = 4; lastKnownFileType = sourcecode.swift; path = MyTripCollectionVC.swift; sourceTree = "<group>"; };
		57E41CEF1DDB1220003F6485 /* MyTripCVcell.swift */ = {isa = PBXFileReference; fileEncoding = 4; lastKnownFileType = sourcecode.swift; path = MyTripCVcell.swift; sourceTree = "<group>"; };
		57E9ADB11DEC8F7D00D211FC /* VenueModel.swift */ = {isa = PBXFileReference; fileEncoding = 4; lastKnownFileType = sourcecode.swift; path = VenueModel.swift; sourceTree = "<group>"; };
		57E9ADB31DEC938000D211FC /* VenuesSearchModel.swift */ = {isa = PBXFileReference; fileEncoding = 4; lastKnownFileType = sourcecode.swift; path = VenuesSearchModel.swift; sourceTree = "<group>"; };
		57E9ADB51DECA6D900D211FC /* RestaurantsAndCafesTVC.swift */ = {isa = PBXFileReference; fileEncoding = 4; lastKnownFileType = sourcecode.swift; path = RestaurantsAndCafesTVC.swift; sourceTree = "<group>"; };
		57E9ADB71DECA70A00D211FC /* RestaurantsAndCafesTVCell.swift */ = {isa = PBXFileReference; fileEncoding = 4; lastKnownFileType = sourcecode.swift; path = RestaurantsAndCafesTVCell.swift; sourceTree = "<group>"; };
		57E9ADB91DECAEE100D211FC /* PhotoModel.swift */ = {isa = PBXFileReference; fileEncoding = 4; lastKnownFileType = sourcecode.swift; path = PhotoModel.swift; sourceTree = "<group>"; };
		57E9ADBB1DECC3B700D211FC /* Location.swift */ = {isa = PBXFileReference; fileEncoding = 4; lastKnownFileType = sourcecode.swift; name = Location.swift; path = ../Location.swift; sourceTree = "<group>"; };
		57E9ADBD1DEDBF5100D211FC /* RestAndCafeVC.swift */ = {isa = PBXFileReference; fileEncoding = 4; lastKnownFileType = sourcecode.swift; path = RestAndCafeVC.swift; sourceTree = "<group>"; };
		57E9ADBF1DEDC06300D211FC /* RestAndCafeTVC.swift */ = {isa = PBXFileReference; fileEncoding = 4; lastKnownFileType = sourcecode.swift; path = RestAndCafeTVC.swift; sourceTree = "<group>"; };
		57E9ADC11DEF1A4600D211FC /* MapViewController.swift */ = {isa = PBXFileReference; fileEncoding = 4; lastKnownFileType = sourcecode.swift; path = MapViewController.swift; sourceTree = "<group>"; };
		82B8FB5DD5BB4C774D9475CE /* Pods-Visit Armenia.release.xcconfig */ = {isa = PBXFileReference; includeInIndex = 1; lastKnownFileType = text.xcconfig; name = "Pods-Visit Armenia.release.xcconfig"; path = "Pods/Target Support Files/Pods-Visit Armenia/Pods-Visit Armenia.release.xcconfig"; sourceTree = "<group>"; };
/* End PBXFileReference section */

/* Begin PBXFrameworksBuildPhase section */
		573C61EB1DD739040038ECE4 /* Frameworks */ = {
			isa = PBXFrameworksBuildPhase;
			buildActionMask = 2147483647;
			files = (
				21E080683779BE5AF19C284B /* Pods_Visit_Armenia.framework in Frameworks */,
			);
			runOnlyForDeploymentPostprocessing = 0;
		};
/* End PBXFrameworksBuildPhase section */

/* Begin PBXGroup section */
		10F05218F5E6BE63E8E6237B /* Frameworks */ = {
			isa = PBXGroup;
			children = (
				577A8EF11DFB543500F35EC2 /* XCTest.framework */,
				34934D254B10F747611DCE69 /* Pods_Visit_Armenia.framework */,
			);
			name = Frameworks;
			sourceTree = "<group>";
		};
		27422FD9E9AB6D189EAA2324 /* Pods */ = {
			isa = PBXGroup;
			children = (
				2221B379B8981EBD9C79BCE9 /* Pods-Visit Armenia.debug.xcconfig */,
				82B8FB5DD5BB4C774D9475CE /* Pods-Visit Armenia.release.xcconfig */,
			);
			name = Pods;
			sourceTree = "<group>";
		};
		573C61E51DD739040038ECE4 = {
			isa = PBXGroup;
			children = (
				573C61F01DD739040038ECE4 /* Visit Armenia */,
				573C61EF1DD739040038ECE4 /* Products */,
				27422FD9E9AB6D189EAA2324 /* Pods */,
				10F05218F5E6BE63E8E6237B /* Frameworks */,
			);
			sourceTree = "<group>";
		};
		573C61EF1DD739040038ECE4 /* Products */ = {
			isa = PBXGroup;
			children = (
				573C61EE1DD739040038ECE4 /* Visit Armenia.app */,
			);
			name = Products;
			sourceTree = "<group>";
		};
		573C61F01DD739040038ECE4 /* Visit Armenia */ = {
			isa = PBXGroup;
			children = (
				573C62111DD89DC60038ECE4 /* DesignElements */,
				573C62041DD7396C0038ECE4 /* SWRevealViewController.h */,
				573C62051DD7396C0038ECE4 /* SWRevealViewController.m */,
				573C61F81DD739050038ECE4 /* Assets.xcassets */,
				573C61FA1DD739050038ECE4 /* LaunchScreen.storyboard */,
				573C61FD1DD739050038ECE4 /* Info.plist */,
				573C62031DD7396C0038ECE4 /* Visit Armenia-Bridging-Header.h */,
				573C61F51DD739050038ECE4 /* Main.storyboard */,
				573C61F11DD739040038ECE4 /* AppDelegate.swift */,
				573C62091DD73BF30038ECE4 /* SlideTableViewController.swift */,
				573C61F31DD739040038ECE4 /* ViewController.swift */,
				573C62071DD73A7C0038ECE4 /* HomeVC.swift */,
				573C620B1DD895CA0038ECE4 /* ShoppingVC.swift */,
				573C620D1DD895EB0038ECE4 /* NearbyPlacesVC.swift */,
				573C623B1DD8A3620038ECE4 /* SlideTableViewCell.swift */,
				573C623D1DD8A94D0038ECE4 /* EventsVC.swift */,
				573C623F1DD8A9820038ECE4 /* PopularItinerariesVC.swift */,
				573C62411DD8A9A70038ECE4 /* TaxiVC.swift */,
				573C62431DD8A9CA0038ECE4 /* SettingsVC.swift */,
				573C62471DD8AA050038ECE4 /* AboutVC.swift */,
				57E41CED1DDB10C3003F6485 /* MyTripCollectionVC.swift */,
				57E41CEF1DDB1220003F6485 /* MyTripCVcell.swift */,
				49A9C7EA1DE88DC20066CBBE /* ViewDetailVC.swift */,
				49A9C7EC1DE8D0040066CBBE /* ViewDetailsCell.swift */,
				12DA1B001DEA23CF007DB683 /* BaseNavigationController.swift */,
				57E9ADB51DECA6D900D211FC /* RestaurantsAndCafesTVC.swift */,
				57E9ADB71DECA70A00D211FC /* RestaurantsAndCafesTVCell.swift */,
				57E9ADB91DECAEE100D211FC /* PhotoModel.swift */,
				57E9ADBB1DECC3B700D211FC /* Location.swift */,
				57E9ADBD1DEDBF5100D211FC /* RestAndCafeVC.swift */,
				57E9ADBF1DEDC06300D211FC /* RestAndCafeTVC.swift */,
				57E9ADC11DEF1A4600D211FC /* MapViewController.swift */,
				572F699F1E09714D00CD819B /* MonumentsVC.swift */,
				570D71BC1E097C4300E310F2 /* MonumentCell.swift */,
				574C6DDE1DEF7A60000BD20E /* Networking */,
			);
			path = "Visit Armenia";
			sourceTree = "<group>";
		};
		573C62111DD89DC60038ECE4 /* DesignElements */ = {
			isa = PBXGroup;
			children = (
				57E41CE61DD9F356003F6485 /* Garni.jpg */,
				570D71CA1E09D65D00E310F2 /* gradient.png */,
				49A9C7EE1DE983D00066CBBE /* Garni_Temple.jpg */,
				57E41CE71DD9F356003F6485 /* Yerevan.jpg */,
				57A85C101DDCB29400E33879 /* Idea_100px.png */,
				570D71C41E09CD3A00E310F2 /* echmiadzin.jpg */,
				57E41CE81DD9F356003F6485 /* tatev_monastery.jpg */,
				570D71C81E09D27D00E310F2 /* sargis.jpg */,
				570D71C21E09CBDE00E310F2 /* geghard.jpg */,
				570D71C01E09CBC600E310F2 /* mother.jpg */,
				573C62491DD8AD870038ECE4 /* Icons 2 */,
				573C62141DD89E540038ECE4 /* AppIcon.appiconset */,
				573C62121DD89DDB0038ECE4 /* First Loading Splashscreen.png */,
				573C62391DD8A0F30038ECE4 /* MainPageBackgroun_opera.png */,
			);
			name = DesignElements;
			sourceTree = "<group>";
		};
		573C62141DD89E540038ECE4 /* AppIcon.appiconset */ = {
			isa = PBXGroup;
			children = (
				573C62151DD89E540038ECE4 /* Contents.json */,
				573C62161DD89E540038ECE4 /* Icon-App-20x20@1x.png */,
				573C62171DD89E540038ECE4 /* Icon-App-20x20@2x.png */,
				573C62181DD89E540038ECE4 /* Icon-App-20x20@3x.png */,
				573C62191DD89E540038ECE4 /* Icon-App-29x29@1x.png */,
				573C621A1DD89E540038ECE4 /* Icon-App-29x29@2x.png */,
				573C621B1DD89E540038ECE4 /* Icon-App-29x29@3x.png */,
				573C621C1DD89E540038ECE4 /* Icon-App-40x40@1x.png */,
				573C621D1DD89E540038ECE4 /* Icon-App-40x40@2x.png */,
				573C621F1DD89E540038ECE4 /* Icon-App-57x57@1x.png */,
				573C621E1DD89E540038ECE4 /* Icon-App-40x40@3x.png */,
				573C62201DD89E540038ECE4 /* Icon-App-60x60@1x.png */,
				573C62211DD89E540038ECE4 /* Icon-App-60x60@2x.png */,
				573C62221DD89E540038ECE4 /* Icon-App-60x60@3x.png */,
				573C62231DD89E540038ECE4 /* Icon-App-76x76@1x.png */,
				573C62241DD89E540038ECE4 /* Icon-App-76x76@2x.png */,
				573C62251DD89E540038ECE4 /* Icon-App-76x76@3x.png */,
				573C62261DD89E540038ECE4 /* Icon-App-83.5x83.5@2x.png */,
			);
			path = AppIcon.appiconset;
			sourceTree = "<group>";
		};
		573C62491DD8AD870038ECE4 /* Icons 2 */ = {
			isa = PBXGroup;
			children = (
				573C624A1DD8AD870038ECE4 /* About_100px.png */,
				573C624B1DD8AD870038ECE4 /* ChristmasStar_100px.png */,
				573C624C1DD8AD870038ECE4 /* DiningRoom_100px.png */,
				573C624D1DD8AD870038ECE4 /* Home_100px_1.png */,
				573C624F1DD8AD870038ECE4 /* Marker_100px.png */,
				570D71BA1E097A2E00E310F2 /* Museum-100.png */,
				573C62501DD8AD870038ECE4 /* Menu_100px_1.png */,
				573C62511DD8AD870038ECE4 /* ShoppingBag_100px.png */,
				573C62521DD8AD870038ECE4 /* Suitcase_100px.png */,
				573C62531DD8AD870038ECE4 /* Support_100px.png */,
				573C62541DD8AD870038ECE4 /* Taxi_100px.png */,
			);
			path = "Icons 2";
			sourceTree = "<group>";
		};
		574C6DDE1DEF7A60000BD20E /* Networking */ = {
			isa = PBXGroup;
			children = (
				57D745D31DEC8D2F002B9B75 /* Networking.swift */,
				57E9ADB11DEC8F7D00D211FC /* VenueModel.swift */,
				57E9ADB31DEC938000D211FC /* VenuesSearchModel.swift */,
			);
			name = Networking;
			sourceTree = "<group>";
		};
/* End PBXGroup section */

/* Begin PBXNativeTarget section */
		573C61ED1DD739040038ECE4 /* Visit Armenia */ = {
			isa = PBXNativeTarget;
			buildConfigurationList = 573C62001DD739050038ECE4 /* Build configuration list for PBXNativeTarget "Visit Armenia" */;
			buildPhases = (
				9E629C0A053616B20090EF8D /* [CP] Check Pods Manifest.lock */,
				4121F747788DC630FDB656E1 /* [CP] Check Pods Manifest.lock */,
				573C61EA1DD739040038ECE4 /* Sources */,
				573C61EB1DD739040038ECE4 /* Frameworks */,
				573C61EC1DD739040038ECE4 /* Resources */,
				D1B94615B1BD755E53D73ED8 /* [CP] Embed Pods Frameworks */,
				6A7D40CBC1C55507A42BE142 /* [CP] Copy Pods Resources */,
				13A9C92A15A0BDC2FED8D558 /* 📦 Embed Pods Frameworks */,
				5D8E82BEB3EF89D6DA753A7D /* 📦 Copy Pods Resources */,
			);
			buildRules = (
			);
			dependencies = (
			);
			name = "Visit Armenia";
			productName = "Visit Armenia";
			productReference = 573C61EE1DD739040038ECE4 /* Visit Armenia.app */;
			productType = "com.apple.product-type.application";
		};
/* End PBXNativeTarget section */

/* Begin PBXProject section */
		573C61E61DD739040038ECE4 /* Project object */ = {
			isa = PBXProject;
			attributes = {
				LastSwiftUpdateCheck = 0800;
				LastUpgradeCheck = 0810;
				ORGANIZATIONNAME = "Gagik Papoyan";
				TargetAttributes = {
					573C61ED1DD739040038ECE4 = {
						CreatedOnToolsVersion = 8.0;
						DevelopmentTeam = YAP92K26S3;
						LastSwiftMigration = 0800;
						ProvisioningStyle = Automatic;
					};
				};
			};
			buildConfigurationList = 573C61E91DD739040038ECE4 /* Build configuration list for PBXProject "Visit Armenia" */;
			compatibilityVersion = "Xcode 3.2";
			developmentRegion = English;
			hasScannedForEncodings = 0;
			knownRegions = (
				en,
				Base,
			);
			mainGroup = 573C61E51DD739040038ECE4;
			productRefGroup = 573C61EF1DD739040038ECE4 /* Products */;
			projectDirPath = "";
			projectRoot = "";
			targets = (
				573C61ED1DD739040038ECE4 /* Visit Armenia */,
			);
		};
/* End PBXProject section */

/* Begin PBXResourcesBuildPhase section */
		573C61EC1DD739040038ECE4 /* Resources */ = {
			isa = PBXResourcesBuildPhase;
			buildActionMask = 2147483647;
			files = (
				570D71C31E09CBDE00E310F2 /* geghard.jpg in Resources */,
				570D71CB1E09D65D00E310F2 /* gradient.png in Resources */,
				573C622C1DD89E540038ECE4 /* Icon-App-29x29@2x.png in Resources */,
				570D71C91E09D27D00E310F2 /* sargis.jpg in Resources */,
				573C625F1DD8AD870038ECE4 /* Taxi_100px.png in Resources */,
				573C625E1DD8AD870038ECE4 /* Support_100px.png in Resources */,
				573C62271DD89E540038ECE4 /* Contents.json in Resources */,
				573C62561DD8AD870038ECE4 /* ChristmasStar_100px.png in Resources */,
				573C62311DD89E540038ECE4 /* Icon-App-57x57@1x.png in Resources */,
				49A9C7EF1DE983D00066CBBE /* Garni_Temple.jpg in Resources */,
				573C625A1DD8AD870038ECE4 /* Marker_100px.png in Resources */,
				570D71C51E09CD3A00E310F2 /* echmiadzin.jpg in Resources */,
				573C62291DD89E540038ECE4 /* Icon-App-20x20@2x.png in Resources */,
				573C61FC1DD739050038ECE4 /* LaunchScreen.storyboard in Resources */,
				573C62581DD8AD870038ECE4 /* Home_100px_1.png in Resources */,
				573C62331DD89E540038ECE4 /* Icon-App-60x60@2x.png in Resources */,
				573C622D1DD89E540038ECE4 /* Icon-App-29x29@3x.png in Resources */,
				573C622A1DD89E540038ECE4 /* Icon-App-20x20@3x.png in Resources */,
				573C625C1DD8AD870038ECE4 /* ShoppingBag_100px.png in Resources */,
				573C61F91DD739050038ECE4 /* Assets.xcassets in Resources */,
				57E41CE91DD9F356003F6485 /* Garni.jpg in Resources */,
				573C62341DD89E540038ECE4 /* Icon-App-60x60@3x.png in Resources */,
				573C623A1DD8A0F30038ECE4 /* MainPageBackgroun_opera.png in Resources */,
				573C62571DD8AD870038ECE4 /* DiningRoom_100px.png in Resources */,
				570D71BB1E097A2E00E310F2 /* Museum-100.png in Resources */,
				573C62381DD89E540038ECE4 /* Icon-App-83.5x83.5@2x.png in Resources */,
				57A85C111DDCB29400E33879 /* Idea_100px.png in Resources */,
				573C62131DD89DDB0038ECE4 /* First Loading Splashscreen.png in Resources */,
				573C62371DD89E540038ECE4 /* Icon-App-76x76@3x.png in Resources */,
				57E41CEB1DD9F356003F6485 /* tatev_monastery.jpg in Resources */,
				573C62321DD89E540038ECE4 /* Icon-App-60x60@1x.png in Resources */,
				570D71C11E09CBC600E310F2 /* mother.jpg in Resources */,
				573C62361DD89E540038ECE4 /* Icon-App-76x76@2x.png in Resources */,
				573C62351DD89E540038ECE4 /* Icon-App-76x76@1x.png in Resources */,
				573C61F71DD739050038ECE4 /* Main.storyboard in Resources */,
				573C622E1DD89E540038ECE4 /* Icon-App-40x40@1x.png in Resources */,
				573C62281DD89E540038ECE4 /* Icon-App-20x20@1x.png in Resources */,
				573C62301DD89E540038ECE4 /* Icon-App-40x40@3x.png in Resources */,
				573C62551DD8AD870038ECE4 /* About_100px.png in Resources */,
				573C622F1DD89E540038ECE4 /* Icon-App-40x40@2x.png in Resources */,
				573C625B1DD8AD870038ECE4 /* Menu_100px_1.png in Resources */,
				57E41CEA1DD9F356003F6485 /* Yerevan.jpg in Resources */,
				573C625D1DD8AD870038ECE4 /* Suitcase_100px.png in Resources */,
				573C622B1DD89E540038ECE4 /* Icon-App-29x29@1x.png in Resources */,
			);
			runOnlyForDeploymentPostprocessing = 0;
		};
/* End PBXResourcesBuildPhase section */

/* Begin PBXShellScriptBuildPhase section */
		13A9C92A15A0BDC2FED8D558 /* 📦 Embed Pods Frameworks */ = {
			isa = PBXShellScriptBuildPhase;
			buildActionMask = 2147483647;
			files = (
			);
			inputPaths = (
			);
			name = "📦 Embed Pods Frameworks";
			outputPaths = (
			);
			runOnlyForDeploymentPostprocessing = 0;
			shellPath = /bin/sh;
			shellScript = "\"${SRCROOT}/Pods/Target Support Files/Pods-Visit Armenia/Pods-Visit Armenia-frameworks.sh\"\n";
			showEnvVarsInLog = 0;
		};
		4121F747788DC630FDB656E1 /* [CP] Check Pods Manifest.lock */ = {
			isa = PBXShellScriptBuildPhase;
			buildActionMask = 2147483647;
			files = (
			);
			inputPaths = (
			);
			name = "[CP] Check Pods Manifest.lock";
			outputPaths = (
			);
			runOnlyForDeploymentPostprocessing = 0;
			shellPath = /bin/sh;
			shellScript = "diff \"${PODS_ROOT}/../Podfile.lock\" \"${PODS_ROOT}/Manifest.lock\" > /dev/null\nif [[ $? != 0 ]] ; then\n    cat << EOM\nerror: The sandbox is not in sync with the Podfile.lock. Run 'pod install' or update your CocoaPods installation.\nEOM\n    exit 1\nfi\n";
			showEnvVarsInLog = 0;
		};
		5D8E82BEB3EF89D6DA753A7D /* 📦 Copy Pods Resources */ = {
			isa = PBXShellScriptBuildPhase;
			buildActionMask = 2147483647;
			files = (
			);
			inputPaths = (
			);
			name = "📦 Copy Pods Resources";
			outputPaths = (
			);
			runOnlyForDeploymentPostprocessing = 0;
			shellPath = /bin/sh;
			shellScript = "\"${SRCROOT}/Pods/Target Support Files/Pods-Visit Armenia/Pods-Visit Armenia-resources.sh\"\n";
			showEnvVarsInLog = 0;
		};
		6A7D40CBC1C55507A42BE142 /* [CP] Copy Pods Resources */ = {
			isa = PBXShellScriptBuildPhase;
			buildActionMask = 2147483647;
			files = (
			);
			inputPaths = (
			);
			name = "[CP] Copy Pods Resources";
			outputPaths = (
			);
			runOnlyForDeploymentPostprocessing = 0;
			shellPath = /bin/sh;
			shellScript = "\"${SRCROOT}/Pods/Target Support Files/Pods-Visit Armenia/Pods-Visit Armenia-resources.sh\"\n";
			showEnvVarsInLog = 0;
		};
		9E629C0A053616B20090EF8D /* [CP] Check Pods Manifest.lock */ = {
			isa = PBXShellScriptBuildPhase;
			buildActionMask = 2147483647;
			files = (
			);
			inputPaths = (
			);
			name = "[CP] Check Pods Manifest.lock";
			outputPaths = (
			);
			runOnlyForDeploymentPostprocessing = 0;
			shellPath = /bin/sh;
			shellScript = "diff \"${PODS_ROOT}/../Podfile.lock\" \"${PODS_ROOT}/Manifest.lock\" > /dev/null\nif [ $? != 0 ] ; then\n    # print error to STDERR\n    echo \"error: The sandbox is not in sync with the Podfile.lock. Run 'pod install' or update your CocoaPods installation.\" >&2\n    exit 1\nfi\n";
			showEnvVarsInLog = 0;
		};
		D1B94615B1BD755E53D73ED8 /* [CP] Embed Pods Frameworks */ = {
			isa = PBXShellScriptBuildPhase;
			buildActionMask = 2147483647;
			files = (
			);
			inputPaths = (
			);
			name = "[CP] Embed Pods Frameworks";
			outputPaths = (
			);
			runOnlyForDeploymentPostprocessing = 0;
			shellPath = /bin/sh;
			shellScript = "\"${SRCROOT}/Pods/Target Support Files/Pods-Visit Armenia/Pods-Visit Armenia-frameworks.sh\"\n";
			showEnvVarsInLog = 0;
		};
/* End PBXShellScriptBuildPhase section */

/* Begin PBXSourcesBuildPhase section */
		573C61EA1DD739040038ECE4 /* Sources */ = {
			isa = PBXSourcesBuildPhase;
			buildActionMask = 2147483647;
			files = (
				573C62441DD8A9CA0038ECE4 /* SettingsVC.swift in Sources */,
				573C620C1DD895CA0038ECE4 /* ShoppingVC.swift in Sources */,
				570D71BD1E097C4300E310F2 /* MonumentCell.swift in Sources */,
				57E9ADB61DECA6D900D211FC /* RestaurantsAndCafesTVC.swift in Sources */,
				57E9ADBE1DEDBF5100D211FC /* RestAndCafeVC.swift in Sources */,
				573C623E1DD8A94D0038ECE4 /* EventsVC.swift in Sources */,
				57E41CEE1DDB10C3003F6485 /* MyTripCollectionVC.swift in Sources */,
				49A9C7EB1DE88DC20066CBBE /* ViewDetailVC.swift in Sources */,
				57E9ADC01DEDC06300D211FC /* RestAndCafeTVC.swift in Sources */,
				57E9ADBC1DECC3B700D211FC /* Location.swift in Sources */,
				573C61F41DD739040038ECE4 /* ViewController.swift in Sources */,
				12DA1B011DEA23CF007DB683 /* BaseNavigationController.swift in Sources */,
				573C62081DD73A7C0038ECE4 /* HomeVC.swift in Sources */,
				573C620E1DD895EB0038ECE4 /* NearbyPlacesVC.swift in Sources */,
				57E9ADB41DEC938000D211FC /* VenuesSearchModel.swift in Sources */,
				573C623C1DD8A3620038ECE4 /* SlideTableViewCell.swift in Sources */,
				573C620A1DD73BF30038ECE4 /* SlideTableViewController.swift in Sources */,
				57D745D41DEC8D2F002B9B75 /* Networking.swift in Sources */,
				57E9ADB21DEC8F7D00D211FC /* VenueModel.swift in Sources */,
				573C61F21DD739040038ECE4 /* AppDelegate.swift in Sources */,
				573C62061DD7396C0038ECE4 /* SWRevealViewController.m in Sources */,
				49A9C7ED1DE8D0040066CBBE /* ViewDetailsCell.swift in Sources */,
				57E41CF01DDB1220003F6485 /* MyTripCVcell.swift in Sources */,
				573C62481DD8AA050038ECE4 /* AboutVC.swift in Sources */,
				57E9ADB81DECA70A00D211FC /* RestaurantsAndCafesTVCell.swift in Sources */,
				573C62421DD8A9A70038ECE4 /* TaxiVC.swift in Sources */,
				57E9ADBA1DECAEE100D211FC /* PhotoModel.swift in Sources */,
				573C62401DD8A9820038ECE4 /* PopularItinerariesVC.swift in Sources */,
				572F69A01E09714D00CD819B /* MonumentsVC.swift in Sources */,
				57E9ADC21DEF1A4600D211FC /* MapViewController.swift in Sources */,
			);
			runOnlyForDeploymentPostprocessing = 0;
		};
/* End PBXSourcesBuildPhase section */

/* Begin PBXVariantGroup section */
		573C61F51DD739050038ECE4 /* Main.storyboard */ = {
			isa = PBXVariantGroup;
			children = (
				573C61F61DD739050038ECE4 /* Base */,
			);
			name = Main.storyboard;
			sourceTree = "<group>";
		};
		573C61FA1DD739050038ECE4 /* LaunchScreen.storyboard */ = {
			isa = PBXVariantGroup;
			children = (
				573C61FB1DD739050038ECE4 /* Base */,
			);
			name = LaunchScreen.storyboard;
			sourceTree = "<group>";
		};
/* End PBXVariantGroup section */

/* Begin XCBuildConfiguration section */
		573C61FE1DD739050038ECE4 /* Debug */ = {
			isa = XCBuildConfiguration;
			buildSettings = {
				ALWAYS_SEARCH_USER_PATHS = NO;
				CLANG_ANALYZER_NONNULL = YES;
				CLANG_CXX_LANGUAGE_STANDARD = "gnu++0x";
				CLANG_CXX_LIBRARY = "libc++";
				CLANG_ENABLE_MODULES = YES;
				CLANG_ENABLE_OBJC_ARC = YES;
				CLANG_WARN_BOOL_CONVERSION = YES;
				CLANG_WARN_CONSTANT_CONVERSION = YES;
				CLANG_WARN_DIRECT_OBJC_ISA_USAGE = YES_ERROR;
				CLANG_WARN_DOCUMENTATION_COMMENTS = YES;
				CLANG_WARN_EMPTY_BODY = YES;
				CLANG_WARN_ENUM_CONVERSION = YES;
				CLANG_WARN_INFINITE_RECURSION = YES;
				CLANG_WARN_INT_CONVERSION = YES;
				CLANG_WARN_OBJC_ROOT_CLASS = YES_ERROR;
				CLANG_WARN_SUSPICIOUS_MOVE = YES;
				CLANG_WARN_SUSPICIOUS_MOVES = YES;
				CLANG_WARN_UNREACHABLE_CODE = YES;
				CLANG_WARN__DUPLICATE_METHOD_MATCH = YES;
				"CODE_SIGN_IDENTITY[sdk=iphoneos*]" = "iPhone Developer";
				COPY_PHASE_STRIP = NO;
				DEBUG_INFORMATION_FORMAT = dwarf;
				ENABLE_STRICT_OBJC_MSGSEND = YES;
				ENABLE_TESTABILITY = YES;
				GCC_C_LANGUAGE_STANDARD = gnu99;
				GCC_DYNAMIC_NO_PIC = NO;
				GCC_NO_COMMON_BLOCKS = YES;
				GCC_OPTIMIZATION_LEVEL = 0;
				GCC_PREPROCESSOR_DEFINITIONS = (
					"DEBUG=1",
					"$(inherited)",
				);
				GCC_WARN_64_TO_32_BIT_CONVERSION = YES;
				GCC_WARN_ABOUT_RETURN_TYPE = YES_ERROR;
				GCC_WARN_UNDECLARED_SELECTOR = YES;
				GCC_WARN_UNINITIALIZED_AUTOS = YES_AGGRESSIVE;
				GCC_WARN_UNUSED_FUNCTION = YES;
				GCC_WARN_UNUSED_VARIABLE = YES;
				IPHONEOS_DEPLOYMENT_TARGET = 10.0;
				MTL_ENABLE_DEBUG_INFO = YES;
				ONLY_ACTIVE_ARCH = YES;
				SDKROOT = iphoneos;
				SWIFT_ACTIVE_COMPILATION_CONDITIONS = DEBUG;
				SWIFT_OPTIMIZATION_LEVEL = "-Onone";
				TARGETED_DEVICE_FAMILY = "1,2";
			};
			name = Debug;
		};
		573C61FF1DD739050038ECE4 /* Release */ = {
			isa = XCBuildConfiguration;
			buildSettings = {
				ALWAYS_SEARCH_USER_PATHS = NO;
				CLANG_ANALYZER_NONNULL = YES;
				CLANG_CXX_LANGUAGE_STANDARD = "gnu++0x";
				CLANG_CXX_LIBRARY = "libc++";
				CLANG_ENABLE_MODULES = YES;
				CLANG_ENABLE_OBJC_ARC = YES;
				CLANG_WARN_BOOL_CONVERSION = YES;
				CLANG_WARN_CONSTANT_CONVERSION = YES;
				CLANG_WARN_DIRECT_OBJC_ISA_USAGE = YES_ERROR;
				CLANG_WARN_DOCUMENTATION_COMMENTS = YES;
				CLANG_WARN_EMPTY_BODY = YES;
				CLANG_WARN_ENUM_CONVERSION = YES;
				CLANG_WARN_INFINITE_RECURSION = YES;
				CLANG_WARN_INT_CONVERSION = YES;
				CLANG_WARN_OBJC_ROOT_CLASS = YES_ERROR;
				CLANG_WARN_SUSPICIOUS_MOVE = YES;
				CLANG_WARN_SUSPICIOUS_MOVES = YES;
				CLANG_WARN_UNREACHABLE_CODE = YES;
				CLANG_WARN__DUPLICATE_METHOD_MATCH = YES;
				"CODE_SIGN_IDENTITY[sdk=iphoneos*]" = "iPhone Developer";
				COPY_PHASE_STRIP = NO;
				DEBUG_INFORMATION_FORMAT = "dwarf-with-dsym";
				ENABLE_NS_ASSERTIONS = NO;
				ENABLE_STRICT_OBJC_MSGSEND = YES;
				GCC_C_LANGUAGE_STANDARD = gnu99;
				GCC_NO_COMMON_BLOCKS = YES;
				GCC_WARN_64_TO_32_BIT_CONVERSION = YES;
				GCC_WARN_ABOUT_RETURN_TYPE = YES_ERROR;
				GCC_WARN_UNDECLARED_SELECTOR = YES;
				GCC_WARN_UNINITIALIZED_AUTOS = YES_AGGRESSIVE;
				GCC_WARN_UNUSED_FUNCTION = YES;
				GCC_WARN_UNUSED_VARIABLE = YES;
				IPHONEOS_DEPLOYMENT_TARGET = 10.0;
				MTL_ENABLE_DEBUG_INFO = NO;
				SDKROOT = iphoneos;
				SWIFT_OPTIMIZATION_LEVEL = "-Owholemodule";
				TARGETED_DEVICE_FAMILY = "1,2";
				VALIDATE_PRODUCT = YES;
			};
			name = Release;
		};
		573C62011DD739050038ECE4 /* Debug */ = {
			isa = XCBuildConfiguration;
			baseConfigurationReference = 2221B379B8981EBD9C79BCE9 /* Pods-Visit Armenia.debug.xcconfig */;
			buildSettings = {
				ALWAYS_EMBED_SWIFT_STANDARD_LIBRARIES = YES;
				ASSETCATALOG_COMPILER_APPICON_NAME = AppIcon;
				CLANG_ENABLE_MODULES = YES;
				"CODE_SIGN_IDENTITY[sdk=iphoneos*]" = "iPhone Developer";
				DEVELOPMENT_TEAM = YAP92K26S3;
				INFOPLIST_FILE = "Visit Armenia/Info.plist";
				IPHONEOS_DEPLOYMENT_TARGET = 8.0;
				LD_RUNPATH_SEARCH_PATHS = "$(inherited) @executable_path/Frameworks";
				PRODUCT_BUNDLE_IDENTIFIER = "com.atom.Visit-Armenia";
				PRODUCT_NAME = "$(TARGET_NAME)";
				SWIFT_OBJC_BRIDGING_HEADER = "Visit Armenia/Visit Armenia-Bridging-Header.h";
				SWIFT_OPTIMIZATION_LEVEL = "-Onone";
				SWIFT_VERSION = 3.0;
			};
			name = Debug;
		};
		573C62021DD739050038ECE4 /* Release */ = {
			isa = XCBuildConfiguration;
			baseConfigurationReference = 82B8FB5DD5BB4C774D9475CE /* Pods-Visit Armenia.release.xcconfig */;
			buildSettings = {
				ALWAYS_EMBED_SWIFT_STANDARD_LIBRARIES = YES;
				ASSETCATALOG_COMPILER_APPICON_NAME = AppIcon;
				CLANG_ENABLE_MODULES = YES;
				"CODE_SIGN_IDENTITY[sdk=iphoneos*]" = "iPhone Developer";
				DEVELOPMENT_TEAM = YAP92K26S3;
				INFOPLIST_FILE = "Visit Armenia/Info.plist";
				IPHONEOS_DEPLOYMENT_TARGET = 8.0;
				LD_RUNPATH_SEARCH_PATHS = "$(inherited) @executable_path/Frameworks";
				PRODUCT_BUNDLE_IDENTIFIER = "com.atom.Visit-Armenia";
				PRODUCT_NAME = "$(TARGET_NAME)";
				SWIFT_OBJC_BRIDGING_HEADER = "Visit Armenia/Visit Armenia-Bridging-Header.h";
				SWIFT_VERSION = 3.0;
			};
			name = Release;
		};
/* End XCBuildConfiguration section */

/* Begin XCConfigurationList section */
		573C61E91DD739040038ECE4 /* Build configuration list for PBXProject "Visit Armenia" */ = {
			isa = XCConfigurationList;
			buildConfigurations = (
				573C61FE1DD739050038ECE4 /* Debug */,
				573C61FF1DD739050038ECE4 /* Release */,
			);
			defaultConfigurationIsVisible = 0;
			defaultConfigurationName = Release;
		};
		573C62001DD739050038ECE4 /* Build configuration list for PBXNativeTarget "Visit Armenia" */ = {
			isa = XCConfigurationList;
			buildConfigurations = (
				573C62011DD739050038ECE4 /* Debug */,
				573C62021DD739050038ECE4 /* Release */,
			);
			defaultConfigurationIsVisible = 0;
			defaultConfigurationName = Release;
		};
/* End XCConfigurationList section */
	};
	rootObject = 573C61E61DD739040038ECE4 /* Project object */;
}
